
Microsoft Visual Studio Solution File, Format Version 12.00
# Visual Studio Version 16
VisualStudioVersion = 16.0.29613.14
MinimumVisualStudioVersion = 10.0.40219.1
Project("{FAE04EC0-301F-11D3-BF4B-00C04F79EFBC}") = "LombardApp", "LombardApp.csproj", "{AE59A639-DC41-434D-AE83-1368182FAF42}"
EndProject
Global
	GlobalSection(SolutionConfigurationPlatforms) = preSolution
		Debug|Any CPU = Debug|Any CPU
		Release|Any CPU = Release|Any CPU
	EndGlobalSection
	GlobalSection(ProjectConfigurationPlatforms) = postSolution
		{AE59A639-DC41-434D-AE83-1368182FAF42}.Debug|Any CPU.ActiveCfg = Debug|Any CPU
		{AE59A639-DC41-434D-AE83-1368182FAF42}.Debug|Any CPU.Build.0 = Debug|Any CPU
		{AE59A639-DC41-434D-AE83-1368182FAF42}.Release|Any CPU.ActiveCfg = Release|Any CPU
		{AE59A639-DC41-434D-AE83-1368182FAF42}.Release|Any CPU.Build.0 = Release|Any CPU
	EndGlobalSection
	GlobalSection(SolutionProperties) = preSolution
		HideSolutionNode = FALSE
	EndGlobalSection
	GlobalSection(ExtensibilityGlobals) = postSolution
		SolutionGuid = {24F7F57F-90F7-487F-8559-6F74F44F3F98}
	EndGlobalSection
EndGlobal
